
Microsoft Visual Studio Solution File, Format Version 12.00
# Visual Studio Version 16
VisualStudioVersion = 16.0.30204.135
MinimumVisualStudioVersion = 10.0.40219.1
Project("{FAE04EC0-301F-11D3-BF4B-00C04F79EFBC}") = "TemplateApp", "TemplateApp\TemplateApp.csproj", "{64AC9C58-005C-4935-9711-EA78A536074B}"
EndProject
Global
	GlobalSection(SolutionConfigurationPlatforms) = preSolution
		Debug|Any CPU = Debug|Any CPU
		Release|Any CPU = Release|Any CPU
	EndGlobalSection
	GlobalSection(ProjectConfigurationPlatforms) = postSolution
		{64AC9C58-005C-4935-9711-EA78A536074B}.Debug|Any CPU.ActiveCfg = Debug|Any CPU
		{64AC9C58-005C-4935-9711-EA78A536074B}.Debug|Any CPU.Build.0 = Debug|Any CPU
		{64AC9C58-005C-4935-9711-EA78A536074B}.Release|Any CPU.ActiveCfg = Release|Any CPU
		{64AC9C58-005C-4935-9711-EA78A536074B}.Release|Any CPU.Build.0 = Release|Any CPU
	EndGlobalSection
	GlobalSection(SolutionProperties) = preSolution
		HideSolutionNode = FALSE
	EndGlobalSection
	GlobalSection(ExtensibilityGlobals) = postSolution
		SolutionGuid = {5A4C41AB-1A08-4925-B7B0-1F078FBEBDBB}
	EndGlobalSection
EndGlobal
